
Microsoft Visual Studio Solution File, Format Version 12.00
# Visual Studio Version 16
VisualStudioVersion = 16.0.31424.327
MinimumVisualStudioVersion = 10.0.40219.1
Project("{9A19103F-16F7-4668-BE54-9A1E7A4F7556}") = "AsyncInn", "AsyncInn\AsyncInn.csproj", "{C795C6D2-F927-48C9-9012-091FFC5990D6}"
EndProject
Project("{FAE04EC0-301F-11D3-BF4B-00C04F79EFBC}") = "AsyncInnTests", "AsyncInnTests\AsyncInnTests.csproj", "{73A8CA08-8894-4ACB-B979-DF91046691C3}"
EndProject
Global
	GlobalSection(SolutionConfigurationPlatforms) = preSolution
		Debug|Any CPU = Debug|Any CPU
		Release|Any CPU = Release|Any CPU
	EndGlobalSection
	GlobalSection(ProjectConfigurationPlatforms) = postSolution
		{C795C6D2-F927-48C9-9012-091FFC5990D6}.Debug|Any CPU.ActiveCfg = Debug|Any CPU
		{C795C6D2-F927-48C9-9012-091FFC5990D6}.Debug|Any CPU.Build.0 = Debug|Any CPU
		{C795C6D2-F927-48C9-9012-091FFC5990D6}.Release|Any CPU.ActiveCfg = Release|Any CPU
		{C795C6D2-F927-48C9-9012-091FFC5990D6}.Release|Any CPU.Build.0 = Release|Any CPU
		{73A8CA08-8894-4ACB-B979-DF91046691C3}.Debug|Any CPU.ActiveCfg = Debug|Any CPU
		{73A8CA08-8894-4ACB-B979-DF91046691C3}.Debug|Any CPU.Build.0 = Debug|Any CPU
		{73A8CA08-8894-4ACB-B979-DF91046691C3}.Release|Any CPU.ActiveCfg = Release|Any CPU
		{73A8CA08-8894-4ACB-B979-DF91046691C3}.Release|Any CPU.Build.0 = Release|Any CPU
	EndGlobalSection
	GlobalSection(SolutionProperties) = preSolution
		HideSolutionNode = FALSE
	EndGlobalSection
	GlobalSection(ExtensibilityGlobals) = postSolution
		SolutionGuid = {75B7315F-D067-4F45-A60C-830B5AE3BC3C}
	EndGlobalSection
EndGlobal
